
Microsoft Visual Studio Solution File, Format Version 12.00
# Visual Studio Version 17
VisualStudioVersion = 17.1.32421.90
MinimumVisualStudioVersion = 10.0.40219.1
Project("{9A19103F-16F7-4668-BE54-9A1E7A4F7556}") = "IdentityServer", "IdentityServer\IdentityServer.csproj", "{3ACAC40A-404B-4815-9553-E1A1EE1AB950}"
EndProject
Project("{9A19103F-16F7-4668-BE54-9A1E7A4F7556}") = "WebApi", "WebApi\WebApi.csproj", "{0F059210-01A1-464B-9B01-BDD7C43452A6}"
EndProject
Project("{FAE04EC0-301F-11D3-BF4B-00C04F79EFBC}") = "ConsoleAppDemo", "ConsoleAppDemo\ConsoleAppDemo.csproj", "{E745A56B-C77F-4F29-80E8-D3E71E309EAB}"
EndProject
Project("{FAE04EC0-301F-11D3-BF4B-00C04F79EFBC}") = "MVCClientCred", "MVCClientCred\MVCClientCred.csproj", "{D62D59DA-9B25-495C-A5AC-C0C74EF07AB7}"
EndProject
Global
	GlobalSection(SolutionConfigurationPlatforms) = preSolution
		Debug|Any CPU = Debug|Any CPU
		Release|Any CPU = Release|Any CPU
	EndGlobalSection
	GlobalSection(ProjectConfigurationPlatforms) = postSolution
		{3ACAC40A-404B-4815-9553-E1A1EE1AB950}.Debug|Any CPU.ActiveCfg = Debug|Any CPU
		{3ACAC40A-404B-4815-9553-E1A1EE1AB950}.Debug|Any CPU.Build.0 = Debug|Any CPU
		{3ACAC40A-404B-4815-9553-E1A1EE1AB950}.Release|Any CPU.ActiveCfg = Release|Any CPU
		{3ACAC40A-404B-4815-9553-E1A1EE1AB950}.Release|Any CPU.Build.0 = Release|Any CPU
		{0F059210-01A1-464B-9B01-BDD7C43452A6}.Debug|Any CPU.ActiveCfg = Debug|Any CPU
		{0F059210-01A1-464B-9B01-BDD7C43452A6}.Debug|Any CPU.Build.0 = Debug|Any CPU
		{0F059210-01A1-464B-9B01-BDD7C43452A6}.Release|Any CPU.ActiveCfg = Release|Any CPU
		{0F059210-01A1-464B-9B01-BDD7C43452A6}.Release|Any CPU.Build.0 = Release|Any CPU
		{E745A56B-C77F-4F29-80E8-D3E71E309EAB}.Debug|Any CPU.ActiveCfg = Debug|Any CPU
		{E745A56B-C77F-4F29-80E8-D3E71E309EAB}.Debug|Any CPU.Build.0 = Debug|Any CPU
		{E745A56B-C77F-4F29-80E8-D3E71E309EAB}.Release|Any CPU.ActiveCfg = Release|Any CPU
		{E745A56B-C77F-4F29-80E8-D3E71E309EAB}.Release|Any CPU.Build.0 = Release|Any CPU
		{D62D59DA-9B25-495C-A5AC-C0C74EF07AB7}.Debug|Any CPU.ActiveCfg = Debug|Any CPU
		{D62D59DA-9B25-495C-A5AC-C0C74EF07AB7}.Debug|Any CPU.Build.0 = Debug|Any CPU
		{D62D59DA-9B25-495C-A5AC-C0C74EF07AB7}.Release|Any CPU.ActiveCfg = Release|Any CPU
		{D62D59DA-9B25-495C-A5AC-C0C74EF07AB7}.Release|Any CPU.Build.0 = Release|Any CPU
	EndGlobalSection
	GlobalSection(SolutionProperties) = preSolution
		HideSolutionNode = FALSE
	EndGlobalSection
	GlobalSection(ExtensibilityGlobals) = postSolution
		SolutionGuid = {933154E3-49E6-433F-8565-23CC907284F3}
	EndGlobalSection
EndGlobal
